buf.build/gen/go/bufbuild/protovalidate/protocolbuffers/go v1.36.6-20250625184727-c923a0c2a132.1 h1:6tCo3lsKNLqUjRPhyc8JuYWYUiQkulufxSDOfG1zgWQ=
buf.build/gen/go/bufbuild/protovalidate/protocolbuffers/go v1.36.6-20250625184727-c923a0c2a132.1/go.mod h1:avRlCjnFzl98VPaeCtJ24RrV/wwHFzB8sWXhj26+n/U=
buf.build/gen/go/gnostic/gnostic/protocolbuffers/go v1.36.6-20230414000709-087bc8072ce4.1 h1:QZk9F35A+TnMNgUQBlW+7kjUef086s2jux7f6CI8H+w=
buf.build/gen/go/gnostic/gnostic/protocolbuffers/go v1.36.6-20230414000709-087bc8072ce4.1/go.mod h1:ZSkBzB0CxHcvK9isqj6cCCJ3hDfEPFCpYAN6Mckzr2M=
buf.build/gen/go/pocketsign/apis/connectrpc/go v1.18.1-20250626005834-831685e990b8.1 h1:eczc5ifQBIFxHrvnS6wE2YwpMp2GuBn7z3lX0ml+wHA=
buf.build/gen/go/pocketsign/apis/connectrpc/go v1.18.1-20250626005834-831685e990b8.1/go.mod h1:rgieq77ODfxlnsv+FiOazod9EwjHRTUb9bccgAKOfYw=
buf.build/gen/go/pocketsign/apis/protocolbuffers/go v1.36.6-20250626005834-831685e990b8.1 h1:/X9VHH6e+iL3IATodWto9QK9BHiip//uX+gD8kgEtHw=
buf.build/gen/go/pocketsign/apis/protocolbuffers/go v1.36.6-20250626005834-831685e990b8.1/go.mod h1:EVsagGYy1rLuN7bvBfEMVHrmo1NmAWJD680RPxlstUc=
connectrpc.com/connect v1.18.1 h1:PAg7CjSAGvscaf6YZKUefjoih5Z/qYkyaTrBW8xvYPw=
connectrpc.com/connect v1.18.1/go.mod h1:0292hj1rnx8oFrStN7cB4jjVBeqs+Yx5yDIC2prWDO8=
github.com/google/go-cmp v0.5.9 h1:O2Tfq5qg4qc4AmwVlvv0oLiVAGB7enBSJ2x2DqQFi38=
github.com/google/go-cmp v0.5.9/go.mod h1:17dUlkBOakJ0+DkrSSNjCkIjxS6bF9zb3elmeNGIjoY=
golang.org/x/net v0.37.0 h1:1zLorHbz+LYj7MQlSf1+2tPIIgibq2eL5xkrGk6f+2c=
golang.org/x/net v0.37.0/go.mod h1:ivrbrMbzFq5J41QOQh0siUuly180yBYtLp+CKbEaFx8=
golang.org/x/text v0.23.0 h1:D71I7dUrlY+VX0gQShAThNGHFxZ13dGLBHQLVl1mJlY=
golang.org/x/text v0.23.0/go.mod h1:/BLNzu4aZCJ1+kcD0DNRotWKage4q2rGVAg4o22unh4=
google.golang.org/genproto/googleapis/api v0.0.0-20250603155806-513f23925822 h1:oWVWY3NzT7KJppx2UKhKmzPq4SRe0LdCijVRwvGeikY=
google.golang.org/genproto/googleapis/api v0.0.0-20250603155806-513f23925822/go.mod h1:h3c4v36UTKzUiuaOKQ6gr3S+0hovBtUrXzTG/i3+XEc=
google.golang.org/protobuf v1.36.6 h1:z1NpPI8ku2WgiWnf+t9wTPsn6eP1L7ksHUlkfLvd9xY=
google.golang.org/protobuf v1.36.6/go.mod h1:jduwjTPXsFjZGTmRluh+L6NjiWu7pchiJ2/5YcXBHnY=
